
Microsoft Visual Studio Solution File, Format Version 12.00
# Visual Studio Version 17
VisualStudioVersion = 17.9.34902.65
MinimumVisualStudioVersion = 10.0.40219.1
Project("{9A19103F-16F7-4668-BE54-9A1E7A4F7556}") = "CBakWeChatDesktop", "CBakWeChatDesktop.csproj", "{7EED426F-3881-4999-9ECE-AE227F0F9BF8}"
EndProject
Global
	GlobalSection(SolutionConfigurationPlatforms) = preSolution
		Debug|Any CPU = Debug|Any CPU
		Debug|x64 = Debug|x64
		Release|Any CPU = Release|Any CPU
		Release|x64 = Release|x64
	EndGlobalSection
	GlobalSection(ProjectConfigurationPlatforms) = postSolution
		{7EED426F-3881-4999-9ECE-AE227F0F9BF8}.Debug|Any CPU.ActiveCfg = Debug|Any CPU
		{7EED426F-3881-4999-9ECE-AE227F0F9BF8}.Debug|Any CPU.Build.0 = Debug|Any CPU
		{7EED426F-3881-4999-9ECE-AE227F0F9BF8}.Debug|x64.ActiveCfg = Debug|x64
		{7EED426F-3881-4999-9ECE-AE227F0F9BF8}.Debug|x64.Build.0 = Debug|x64
		{7EED426F-3881-4999-9ECE-AE227F0F9BF8}.Release|Any CPU.ActiveCfg = Release|Any CPU
		{7EED426F-3881-4999-9ECE-AE227F0F9BF8}.Release|Any CPU.Build.0 = Release|Any CPU
		{7EED426F-3881-4999-9ECE-AE227F0F9BF8}.Release|x64.ActiveCfg = Release|x64
		{7EED426F-3881-4999-9ECE-AE227F0F9BF8}.Release|x64.Build.0 = Release|x64
	EndGlobalSection
	GlobalSection(SolutionProperties) = preSolution
		HideSolutionNode = FALSE
	EndGlobalSection
	GlobalSection(ExtensibilityGlobals) = postSolution
		SolutionGuid = {43109A8A-7341-4A53-A7A0-05BD9FE848E5}
	EndGlobalSection
EndGlobal
